
Microsoft Visual Studio Solution File, Format Version 12.00
# Visual Studio Version 17
VisualStudioVersion = 17.12.35707.178
MinimumVisualStudioVersion = 10.0.40219.1
Project("{FAE04EC0-301F-11D3-BF4B-00C04F79EFBC}") = "CoWorkSpace.Api", "CoWorkSpace.Api\CoWorkSpace.Api.csproj", "{B43B3547-BAFB-4583-9A80-67C89D7F8E08}"
EndProject
Project("{FAE04EC0-301F-11D3-BF4B-00C04F79EFBC}") = "CoWorkSpace.Tests", "CoWorkSpace.Tests\CoWorkSpace.Tests.csproj", "{EC38F321-E9B0-C357-6EFC-E7FE178809CD}"
EndProject
Global
	GlobalSection(SolutionConfigurationPlatforms) = preSolution
		Debug|Any CPU = Debug|Any CPU
		Release|Any CPU = Release|Any CPU
	EndGlobalSection
	GlobalSection(ProjectConfigurationPlatforms) = postSolution
		{B43B3547-BAFB-4583-9A80-67C89D7F8E08}.Debug|Any CPU.ActiveCfg = Debug|Any CPU
		{B43B3547-BAFB-4583-9A80-67C89D7F8E08}.Debug|Any CPU.Build.0 = Debug|Any CPU
		{B43B3547-BAFB-4583-9A80-67C89D7F8E08}.Release|Any CPU.ActiveCfg = Release|Any CPU
		{B43B3547-BAFB-4583-9A80-67C89D7F8E08}.Release|Any CPU.Build.0 = Release|Any CPU
		{EC38F321-E9B0-C357-6EFC-E7FE178809CD}.Debug|Any CPU.ActiveCfg = Debug|Any CPU
		{EC38F321-E9B0-C357-6EFC-E7FE178809CD}.Debug|Any CPU.Build.0 = Debug|Any CPU
		{EC38F321-E9B0-C357-6EFC-E7FE178809CD}.Release|Any CPU.ActiveCfg = Release|Any CPU
		{EC38F321-E9B0-C357-6EFC-E7FE178809CD}.Release|Any CPU.Build.0 = Release|Any CPU
	EndGlobalSection
	GlobalSection(SolutionProperties) = preSolution
		HideSolutionNode = FALSE
	EndGlobalSection
EndGlobal
